// !$*UTF8*$!
{
	archiveVersion = 1;
	classes = {
	};
	objectVersion = 50;
	objects = {

/* Begin PBXBuildFile section */
		7F68BC12DC0A6BC5E152BB5A /* Pods_RideShare.framework in Frameworks */ = {isa = PBXBuildFile; fileRef = 37CDC895B89FF176BD4B3FC8 /* Pods_RideShare.framework */; };
		E1280023210A2F2100B1EB6A /* AppDelegate.swift in Sources */ = {isa = PBXBuildFile; fileRef = E1280022210A2F2100B1EB6A /* AppDelegate.swift */; };
		E1280025210A2F2100B1EB6A /* HomeViewController.swift in Sources */ = {isa = PBXBuildFile; fileRef = E1280024210A2F2100B1EB6A /* HomeViewController.swift */; };
		E1280028210A2F2100B1EB6A /* Main.storyboard in Resources */ = {isa = PBXBuildFile; fileRef = E1280026210A2F2100B1EB6A /* Main.storyboard */; };
		E128002A210A2F2500B1EB6A /* Assets.xcassets in Resources */ = {isa = PBXBuildFile; fileRef = E1280029210A2F2500B1EB6A /* Assets.xcassets */; };
		E128002D210A2F2500B1EB6A /* LaunchScreen.storyboard in Resources */ = {isa = PBXBuildFile; fileRef = E128002B210A2F2500B1EB6A /* LaunchScreen.storyboard */; };
		E128003C210BD9AB00B1EB6A /* GradientView.swift in Sources */ = {isa = PBXBuildFile; fileRef = E128003B210BD9AB00B1EB6A /* GradientView.swift */; };
		E1280065210D685900B1EB6A /* RoundedImageView.swift in Sources */ = {isa = PBXBuildFile; fileRef = E1280064210D685900B1EB6A /* RoundedImageView.swift */; };
		E156920F21191FBA0040B5B1 /* RoundedShadowView.swift in Sources */ = {isa = PBXBuildFile; fileRef = E156920E21191FBA0040B5B1 /* RoundedShadowView.swift */; };
		E1569211211922E30040B5B1 /* CircleView.swift in Sources */ = {isa = PBXBuildFile; fileRef = E1569210211922E30040B5B1 /* CircleView.swift */; };
		E1569213211925CC0040B5B1 /* RoundedShadowButton.swift in Sources */ = {isa = PBXBuildFile; fileRef = E1569212211925CC0040B5B1 /* RoundedShadowButton.swift */; };
		E16DF54D211D1738005CF76B /* LeftSidePanelViewController.swift in Sources */ = {isa = PBXBuildFile; fileRef = E16DF54C211D1738005CF76B /* LeftSidePanelViewController.swift */; };
		E1B306DF21FF8127004C1AA0 /* Extensions.swift in Sources */ = {isa = PBXBuildFile; fileRef = E1B306DE21FF8127004C1AA0 /* Extensions.swift */; };
/* End PBXBuildFile section */

/* Begin PBXFileReference section */
		183C594DEC3CB4E9CFED30AC /* Pods-RideShare.release.xcconfig */ = {isa = PBXFileReference; includeInIndex = 1; lastKnownFileType = text.xcconfig; name = "Pods-RideShare.release.xcconfig"; path = "Pods/Target Support Files/Pods-RideShare/Pods-RideShare.release.xcconfig"; sourceTree = "<group>"; };
		37CDC895B89FF176BD4B3FC8 /* Pods_RideShare.framework */ = {isa = PBXFileReference; explicitFileType = wrapper.framework; includeInIndex = 0; path = Pods_RideShare.framework; sourceTree = BUILT_PRODUCTS_DIR; };
		3BD654B8C918067DA3088908 /* Pods-RideShare.debug.xcconfig */ = {isa = PBXFileReference; includeInIndex = 1; lastKnownFileType = text.xcconfig; name = "Pods-RideShare.debug.xcconfig"; path = "Pods/Target Support Files/Pods-RideShare/Pods-RideShare.debug.xcconfig"; sourceTree = "<group>"; };
		E128001F210A2F2100B1EB6A /* RideShare.app */ = {isa = PBXFileReference; explicitFileType = wrapper.application; includeInIndex = 0; path = RideShare.app; sourceTree = BUILT_PRODUCTS_DIR; };
		E1280022210A2F2100B1EB6A /* AppDelegate.swift */ = {isa = PBXFileReference; lastKnownFileType = sourcecode.swift; path = AppDelegate.swift; sourceTree = "<group>"; };
		E1280024210A2F2100B1EB6A /* HomeViewController.swift */ = {isa = PBXFileReference; lastKnownFileType = sourcecode.swift; path = HomeViewController.swift; sourceTree = "<group>"; };
		E1280027210A2F2100B1EB6A /* Base */ = {isa = PBXFileReference; lastKnownFileType = file.storyboard; name = Base; path = Base.lproj/Main.storyboard; sourceTree = "<group>"; };
		E1280029210A2F2500B1EB6A /* Assets.xcassets */ = {isa = PBXFileReference; lastKnownFileType = folder.assetcatalog; path = Assets.xcassets; sourceTree = "<group>"; };
		E128002C210A2F2500B1EB6A /* Base */ = {isa = PBXFileReference; lastKnownFileType = file.storyboard; name = Base; path = Base.lproj/LaunchScreen.storyboard; sourceTree = "<group>"; };
		E128002E210A2F2500B1EB6A /* Info.plist */ = {isa = PBXFileReference; lastKnownFileType = text.plist.xml; path = Info.plist; sourceTree = "<group>"; };
		E128003B210BD9AB00B1EB6A /* GradientView.swift */ = {isa = PBXFileReference; lastKnownFileType = sourcecode.swift; path = GradientView.swift; sourceTree = "<group>"; };
		E1280064210D685900B1EB6A /* RoundedImageView.swift */ = {isa = PBXFileReference; lastKnownFileType = sourcecode.swift; path = RoundedImageView.swift; sourceTree = "<group>"; };
		E156920E21191FBA0040B5B1 /* RoundedShadowView.swift */ = {isa = PBXFileReference; lastKnownFileType = sourcecode.swift; path = RoundedShadowView.swift; sourceTree = "<group>"; };
		E1569210211922E30040B5B1 /* CircleView.swift */ = {isa = PBXFileReference; lastKnownFileType = sourcecode.swift; path = CircleView.swift; sourceTree = "<group>"; };
		E1569212211925CC0040B5B1 /* RoundedShadowButton.swift */ = {isa = PBXFileReference; lastKnownFileType = sourcecode.swift; path = RoundedShadowButton.swift; sourceTree = "<group>"; };
		E16DF54C211D1738005CF76B /* LeftSidePanelViewController.swift */ = {isa = PBXFileReference; lastKnownFileType = sourcecode.swift; path = LeftSidePanelViewController.swift; sourceTree = "<group>"; };
		E1B306DE21FF8127004C1AA0 /* Extensions.swift */ = {isa = PBXFileReference; lastKnownFileType = sourcecode.swift; path = Extensions.swift; sourceTree = "<group>"; };
/* End PBXFileReference section */

/* Begin PBXFrameworksBuildPhase section */
		E128001C210A2F2100B1EB6A /* Frameworks */ = {
			isa = PBXFrameworksBuildPhase;
			buildActionMask = 2147483647;
			files = (
				7F68BC12DC0A6BC5E152BB5A /* Pods_RideShare.framework in Frameworks */,
			);
			runOnlyForDeploymentPostprocessing = 0;
		};
/* End PBXFrameworksBuildPhase section */

/* Begin PBXGroup section */
		A7BDA583A0C157DEF9D32EDA /* Pods */ = {
			isa = PBXGroup;
			children = (
				3BD654B8C918067DA3088908 /* Pods-RideShare.debug.xcconfig */,
				183C594DEC3CB4E9CFED30AC /* Pods-RideShare.release.xcconfig */,
			);
			name = Pods;
			sourceTree = "<group>";
		};
		D1464544983631251FA43391 /* Frameworks */ = {
			isa = PBXGroup;
			children = (
				37CDC895B89FF176BD4B3FC8 /* Pods_RideShare.framework */,
			);
			name = Frameworks;
			sourceTree = "<group>";
		};
		E1280016210A2F2100B1EB6A = {
			isa = PBXGroup;
			children = (
				E1280021210A2F2100B1EB6A /* RideShare */,
				E1280020210A2F2100B1EB6A /* Products */,
				A7BDA583A0C157DEF9D32EDA /* Pods */,
				D1464544983631251FA43391 /* Frameworks */,
			);
			sourceTree = "<group>";
		};
		E1280020210A2F2100B1EB6A /* Products */ = {
			isa = PBXGroup;
			children = (
				E128001F210A2F2100B1EB6A /* RideShare.app */,
			);
			name = Products;
			sourceTree = "<group>";
		};
		E1280021210A2F2100B1EB6A /* RideShare */ = {
			isa = PBXGroup;
			children = (
				E1280036210BB44F00B1EB6A /* Controller */,
				E1280035210BB44A00B1EB6A /* View */,
				E1280034210BB43E00B1EB6A /* Model */,
				E1280022210A2F2100B1EB6A /* AppDelegate.swift */,
				E1280026210A2F2100B1EB6A /* Main.storyboard */,
				E1280029210A2F2500B1EB6A /* Assets.xcassets */,
				E128002B210A2F2500B1EB6A /* LaunchScreen.storyboard */,
				E128002E210A2F2500B1EB6A /* Info.plist */,
				E1B306DE21FF8127004C1AA0 /* Extensions.swift */,
			);
			path = RideShare;
			sourceTree = "<group>";
		};
		E1280034210BB43E00B1EB6A /* Model */ = {
			isa = PBXGroup;
			children = (
			);
			path = Model;
			sourceTree = "<group>";
		};
		E1280035210BB44A00B1EB6A /* View */ = {
			isa = PBXGroup;
			children = (
				E128003B210BD9AB00B1EB6A /* GradientView.swift */,
				E156920E21191FBA0040B5B1 /* RoundedShadowView.swift */,
				E1280064210D685900B1EB6A /* RoundedImageView.swift */,
				E1569210211922E30040B5B1 /* CircleView.swift */,
				E1569212211925CC0040B5B1 /* RoundedShadowButton.swift */,
			);
			path = View;
			sourceTree = "<group>";
		};
		E1280036210BB44F00B1EB6A /* Controller */ = {
			isa = PBXGroup;
			children = (
				E1280024210A2F2100B1EB6A /* HomeViewController.swift */,
				E16DF54C211D1738005CF76B /* LeftSidePanelViewController.swift */,
			);
			path = Controller;
			sourceTree = "<group>";
		};
/* End PBXGroup section */

/* Begin PBXNativeTarget section */
		E128001E210A2F2100B1EB6A /* RideShare */ = {
			isa = PBXNativeTarget;
			buildConfigurationList = E1280031210A2F2500B1EB6A /* Build configuration list for PBXNativeTarget "RideShare" */;
			buildPhases = (
				480F80FEECDFA1D64AA261CC /* [CP] Check Pods Manifest.lock */,
				E128001B210A2F2100B1EB6A /* Sources */,
				E128001C210A2F2100B1EB6A /* Frameworks */,
				E128001D210A2F2100B1EB6A /* Resources */,
				590C0D5A1830C53F31D9D52E /* [CP] Embed Pods Frameworks */,
			);
			buildRules = (
			);
			dependencies = (
			);
			name = RideShare;
			productName = RideShare;
			productReference = E128001F210A2F2100B1EB6A /* RideShare.app */;
			productType = "com.apple.product-type.application";
		};
/* End PBXNativeTarget section */

/* Begin PBXProject section */
		E1280017210A2F2100B1EB6A /* Project object */ = {
			isa = PBXProject;
			attributes = {
				LastSwiftUpdateCheck = 1000;
				LastUpgradeCheck = 1000;
				ORGANIZATIONNAME = "Tran Tuan Hai";
				TargetAttributes = {
					E128001E210A2F2100B1EB6A = {
						CreatedOnToolsVersion = 10.0;
					};
				};
			};
			buildConfigurationList = E128001A210A2F2100B1EB6A /* Build configuration list for PBXProject "RideShare" */;
			compatibilityVersion = "Xcode 9.3";
			developmentRegion = en;
			hasScannedForEncodings = 0;
			knownRegions = (
				en,
				Base,
			);
			mainGroup = E1280016210A2F2100B1EB6A;
			productRefGroup = E1280020210A2F2100B1EB6A /* Products */;
			projectDirPath = "";
			projectRoot = "";
			targets = (
				E128001E210A2F2100B1EB6A /* RideShare */,
			);
		};
/* End PBXProject section */

/* Begin PBXResourcesBuildPhase section */
		E128001D210A2F2100B1EB6A /* Resources */ = {
			isa = PBXResourcesBuildPhase;
			buildActionMask = 2147483647;
			files = (
				E128002D210A2F2500B1EB6A /* LaunchScreen.storyboard in Resources */,
				E128002A210A2F2500B1EB6A /* Assets.xcassets in Resources */,
				E1280028210A2F2100B1EB6A /* Main.storyboard in Resources */,
			);
			runOnlyForDeploymentPostprocessing = 0;
		};
/* End PBXResourcesBuildPhase section */

/* Begin PBXShellScriptBuildPhase section */
		480F80FEECDFA1D64AA261CC /* [CP] Check Pods Manifest.lock */ = {
			isa = PBXShellScriptBuildPhase;
			buildActionMask = 2147483647;
			files = (
			);
			inputPaths = (
				"${PODS_PODFILE_DIR_PATH}/Podfile.lock",
				"${PODS_ROOT}/Manifest.lock",
			);
			name = "[CP] Check Pods Manifest.lock";
			outputPaths = (
				"$(DERIVED_FILE_DIR)/Pods-RideShare-checkManifestLockResult.txt",
			);
			runOnlyForDeploymentPostprocessing = 0;
			shellPath = /bin/sh;
			shellScript = "diff \"${PODS_PODFILE_DIR_PATH}/Podfile.lock\" \"${PODS_ROOT}/Manifest.lock\" > /dev/null\nif [ $? != 0 ] ; then\n    # print error to STDERR\n    echo \"error: The sandbox is not in sync with the Podfile.lock. Run 'pod install' or update your CocoaPods installation.\" >&2\n    exit 1\nfi\n# This output is used by Xcode 'outputs' to avoid re-running this script phase.\necho \"SUCCESS\" > \"${SCRIPT_OUTPUT_FILE_0}\"\n";
			showEnvVarsInLog = 0;
		};
		590C0D5A1830C53F31D9D52E /* [CP] Embed Pods Frameworks */ = {
			isa = PBXShellScriptBuildPhase;
			buildActionMask = 2147483647;
			files = (
			);
			inputPaths = (
				"${SRCROOT}/Pods/Target Support Files/Pods-RideShare/Pods-RideShare-frameworks.sh",
				"${BUILT_PRODUCTS_DIR}/GTMSessionFetcher/GTMSessionFetcher.framework",
				"${BUILT_PRODUCTS_DIR}/GoogleUtilities/GoogleUtilities.framework",
				"${BUILT_PRODUCTS_DIR}/RevealingSplashView/RevealingSplashView.framework",
				"${BUILT_PRODUCTS_DIR}/SideMenu/SideMenu.framework",
				"${BUILT_PRODUCTS_DIR}/leveldb-library/leveldb.framework",
				"${BUILT_PRODUCTS_DIR}/nanopb/nanopb.framework",
			);
			name = "[CP] Embed Pods Frameworks";
			outputPaths = (
				"${TARGET_BUILD_DIR}/${FRAMEWORKS_FOLDER_PATH}/GTMSessionFetcher.framework",
				"${TARGET_BUILD_DIR}/${FRAMEWORKS_FOLDER_PATH}/GoogleUtilities.framework",
				"${TARGET_BUILD_DIR}/${FRAMEWORKS_FOLDER_PATH}/RevealingSplashView.framework",
				"${TARGET_BUILD_DIR}/${FRAMEWORKS_FOLDER_PATH}/SideMenu.framework",
				"${TARGET_BUILD_DIR}/${FRAMEWORKS_FOLDER_PATH}/leveldb.framework",
				"${TARGET_BUILD_DIR}/${FRAMEWORKS_FOLDER_PATH}/nanopb.framework",
			);
			runOnlyForDeploymentPostprocessing = 0;
			shellPath = /bin/sh;
			shellScript = "\"${SRCROOT}/Pods/Target Support Files/Pods-RideShare/Pods-RideShare-frameworks.sh\"\n";
			showEnvVarsInLog = 0;
		};
/* End PBXShellScriptBuildPhase section */

/* Begin PBXSourcesBuildPhase section */
		E128001B210A2F2100B1EB6A /* Sources */ = {
			isa = PBXSourcesBuildPhase;
			buildActionMask = 2147483647;
			files = (
				E1569213211925CC0040B5B1 /* RoundedShadowButton.swift in Sources */,
				E16DF54D211D1738005CF76B /* LeftSidePanelViewController.swift in Sources */,
				E1569211211922E30040B5B1 /* CircleView.swift in Sources */,
				E1280065210D685900B1EB6A /* RoundedImageView.swift in Sources */,
				E1280025210A2F2100B1EB6A /* HomeViewController.swift in Sources */,
				E1B306DF21FF8127004C1AA0 /* Extensions.swift in Sources */,
				E156920F21191FBA0040B5B1 /* RoundedShadowView.swift in Sources */,
				E1280023210A2F2100B1EB6A /* AppDelegate.swift in Sources */,
				E128003C210BD9AB00B1EB6A /* GradientView.swift in Sources */,
			);
			runOnlyForDeploymentPostprocessing = 0;
		};
/* End PBXSourcesBuildPhase section */

/* Begin PBXVariantGroup section */
		E1280026210A2F2100B1EB6A /* Main.storyboard */ = {
			isa = PBXVariantGroup;
			children = (
				E1280027210A2F2100B1EB6A /* Base */,
			);
			name = Main.storyboard;
			sourceTree = "<group>";
		};
		E128002B210A2F2500B1EB6A /* LaunchScreen.storyboard */ = {
			isa = PBXVariantGroup;
			children = (
				E128002C210A2F2500B1EB6A /* Base */,
			);
			name = LaunchScreen.storyboard;
			sourceTree = "<group>";
		};
/* End PBXVariantGroup section */

/* Begin XCBuildConfiguration section */
		E128002F210A2F2500B1EB6A /* Debug */ = {
			isa = XCBuildConfiguration;
			buildSettings = {
				ALWAYS_SEARCH_USER_PATHS = NO;
				CLANG_ANALYZER_NONNULL = YES;
				CLANG_ANALYZER_NUMBER_OBJECT_CONVERSION = YES_AGGRESSIVE;
				CLANG_CXX_LANGUAGE_STANDARD = "gnu++14";
				CLANG_CXX_LIBRARY = "libc++";
				CLANG_ENABLE_MODULES = YES;
				CLANG_ENABLE_OBJC_ARC = YES;
				CLANG_ENABLE_OBJC_WEAK = YES;
				CLANG_WARN_BLOCK_CAPTURE_AUTORELEASING = YES;
				CLANG_WARN_BOOL_CONVERSION = YES;
				CLANG_WARN_COMMA = YES;
				CLANG_WARN_CONSTANT_CONVERSION = YES;
				CLANG_WARN_DEPRECATED_OBJC_IMPLEMENTATIONS = YES;
				CLANG_WARN_DIRECT_OBJC_ISA_USAGE = YES_ERROR;
				CLANG_WARN_DOCUMENTATION_COMMENTS = YES;
				CLANG_WARN_EMPTY_BODY = YES;
				CLANG_WARN_ENUM_CONVERSION = YES;
				CLANG_WARN_INFINITE_RECURSION = YES;
				CLANG_WARN_INT_CONVERSION = YES;
				CLANG_WARN_NON_LITERAL_NULL_CONVERSION = YES;
				CLANG_WARN_OBJC_IMPLICIT_RETAIN_SELF = YES;
				CLANG_WARN_OBJC_LITERAL_CONVERSION = YES;
				CLANG_WARN_OBJC_ROOT_CLASS = YES_ERROR;
				CLANG_WARN_RANGE_LOOP_ANALYSIS = YES;
				CLANG_WARN_STRICT_PROTOTYPES = YES;
				CLANG_WARN_SUSPICIOUS_MOVE = YES;
				CLANG_WARN_UNGUARDED_AVAILABILITY = YES_AGGRESSIVE;
				CLANG_WARN_UNREACHABLE_CODE = YES;
				CLANG_WARN__DUPLICATE_METHOD_MATCH = YES;
				CODE_SIGN_IDENTITY = "iPhone Developer";
				COPY_PHASE_STRIP = NO;
				DEBUG_INFORMATION_FORMAT = dwarf;
				ENABLE_STRICT_OBJC_MSGSEND = YES;
				ENABLE_TESTABILITY = YES;
				GCC_C_LANGUAGE_STANDARD = gnu11;
				GCC_DYNAMIC_NO_PIC = NO;
				GCC_NO_COMMON_BLOCKS = YES;
				GCC_OPTIMIZATION_LEVEL = 0;
				GCC_PREPROCESSOR_DEFINITIONS = (
					"DEBUG=1",
					"$(inherited)",
				);
				GCC_WARN_64_TO_32_BIT_CONVERSION = YES;
				GCC_WARN_ABOUT_RETURN_TYPE = YES_ERROR;
				GCC_WARN_UNDECLARED_SELECTOR = YES;
				GCC_WARN_UNINITIALIZED_AUTOS = YES_AGGRESSIVE;
				GCC_WARN_UNUSED_FUNCTION = YES;
				GCC_WARN_UNUSED_VARIABLE = YES;
				IPHONEOS_DEPLOYMENT_TARGET = 12.0;
				MTL_ENABLE_DEBUG_INFO = INCLUDE_SOURCE;
				MTL_FAST_MATH = YES;
				ONLY_ACTIVE_ARCH = YES;
				SDKROOT = iphoneos;
				SWIFT_ACTIVE_COMPILATION_CONDITIONS = DEBUG;
				SWIFT_OPTIMIZATION_LEVEL = "-Onone";
			};
			name = Debug;
		};
		E1280030210A2F2500B1EB6A /* Release */ = {
			isa = XCBuildConfiguration;
			buildSettings = {
				ALWAYS_SEARCH_USER_PATHS = NO;
				CLANG_ANALYZER_NONNULL = YES;
				CLANG_ANALYZER_NUMBER_OBJECT_CONVERSION = YES_AGGRESSIVE;
				CLANG_CXX_LANGUAGE_STANDARD = "gnu++14";
				CLANG_CXX_LIBRARY = "libc++";
				CLANG_ENABLE_MODULES = YES;
				CLANG_ENABLE_OBJC_ARC = YES;
				CLANG_ENABLE_OBJC_WEAK = YES;
				CLANG_WARN_BLOCK_CAPTURE_AUTORELEASING = YES;
				CLANG_WARN_BOOL_CONVERSION = YES;
				CLANG_WARN_COMMA = YES;
				CLANG_WARN_CONSTANT_CONVERSION = YES;
				CLANG_WARN_DEPRECATED_OBJC_IMPLEMENTATIONS = YES;
				CLANG_WARN_DIRECT_OBJC_ISA_USAGE = YES_ERROR;
				CLANG_WARN_DOCUMENTATION_COMMENTS = YES;
				CLANG_WARN_EMPTY_BODY = YES;
				CLANG_WARN_ENUM_CONVERSION = YES;
				CLANG_WARN_INFINITE_RECURSION = YES;
				CLANG_WARN_INT_CONVERSION = YES;
				CLANG_WARN_NON_LITERAL_NULL_CONVERSION = YES;
				CLANG_WARN_OBJC_IMPLICIT_RETAIN_SELF = YES;
				CLANG_WARN_OBJC_LITERAL_CONVERSION = YES;
				CLANG_WARN_OBJC_ROOT_CLASS = YES_ERROR;
				CLANG_WARN_RANGE_LOOP_ANALYSIS = YES;
				CLANG_WARN_STRICT_PROTOTYPES = YES;
				CLANG_WARN_SUSPICIOUS_MOVE = YES;
				CLANG_WARN_UNGUARDED_AVAILABILITY = YES_AGGRESSIVE;
				CLANG_WARN_UNREACHABLE_CODE = YES;
				CLANG_WARN__DUPLICATE_METHOD_MATCH = YES;
				CODE_SIGN_IDENTITY = "iPhone Developer";
				COPY_PHASE_STRIP = NO;
				DEBUG_INFORMATION_FORMAT = "dwarf-with-dsym";
				ENABLE_NS_ASSERTIONS = NO;
				ENABLE_STRICT_OBJC_MSGSEND = YES;
				GCC_C_LANGUAGE_STANDARD = gnu11;
				GCC_NO_COMMON_BLOCKS = YES;
				GCC_WARN_64_TO_32_BIT_CONVERSION = YES;
				GCC_WARN_ABOUT_RETURN_TYPE = YES_ERROR;
				GCC_WARN_UNDECLARED_SELECTOR = YES;
				GCC_WARN_UNINITIALIZED_AUTOS = YES_AGGRESSIVE;
				GCC_WARN_UNUSED_FUNCTION = YES;
				GCC_WARN_UNUSED_VARIABLE = YES;
				IPHONEOS_DEPLOYMENT_TARGET = 12.0;
				MTL_ENABLE_DEBUG_INFO = NO;
				MTL_FAST_MATH = YES;
				SDKROOT = iphoneos;
				SWIFT_COMPILATION_MODE = wholemodule;
				SWIFT_OPTIMIZATION_LEVEL = "-O";
				VALIDATE_PRODUCT = YES;
			};
			name = Release;
		};
		E1280032210A2F2500B1EB6A /* Debug */ = {
			isa = XCBuildConfiguration;
			baseConfigurationReference = 3BD654B8C918067DA3088908 /* Pods-RideShare.debug.xcconfig */;
			buildSettings = {
				ASSETCATALOG_COMPILER_APPICON_NAME = AppIcon;
				CODE_SIGN_STYLE = Automatic;
				DEVELOPMENT_TEAM = BSFRLKXYP2;
				INFOPLIST_FILE = RideShare/Info.plist;
				LD_RUNPATH_SEARCH_PATHS = (
					"$(inherited)",
					"@executable_path/Frameworks",
				);
				PRODUCT_BUNDLE_IDENTIFIER = com.tumblr.whoistuanhai.RideShare;
				PRODUCT_NAME = "$(TARGET_NAME)";
				SWIFT_VERSION = 4.2;
				TARGETED_DEVICE_FAMILY = "1,2";
			};
			name = Debug;
		};
		E1280033210A2F2500B1EB6A /* Release */ = {
			isa = XCBuildConfiguration;
			baseConfigurationReference = 183C594DEC3CB4E9CFED30AC /* Pods-RideShare.release.xcconfig */;
			buildSettings = {
				ASSETCATALOG_COMPILER_APPICON_NAME = AppIcon;
				CODE_SIGN_STYLE = Automatic;
				DEVELOPMENT_TEAM = BSFRLKXYP2;
				INFOPLIST_FILE = RideShare/Info.plist;
				LD_RUNPATH_SEARCH_PATHS = (
					"$(inherited)",
					"@executable_path/Frameworks",
				);
				PRODUCT_BUNDLE_IDENTIFIER = com.tumblr.whoistuanhai.RideShare;
				PRODUCT_NAME = "$(TARGET_NAME)";
				SWIFT_VERSION = 4.2;
				TARGETED_DEVICE_FAMILY = "1,2";
			};
			name = Release;
		};
/* End XCBuildConfiguration section */

/* Begin XCConfigurationList section */
		E128001A210A2F2100B1EB6A /* Build configuration list for PBXProject "RideShare" */ = {
			isa = XCConfigurationList;
			buildConfigurations = (
				E128002F210A2F2500B1EB6A /* Debug */,
				E1280030210A2F2500B1EB6A /* Release */,
			);
			defaultConfigurationIsVisible = 0;
			defaultConfigurationName = Release;
		};
		E1280031210A2F2500B1EB6A /* Build configuration list for PBXNativeTarget "RideShare" */ = {
			isa = XCConfigurationList;
			buildConfigurations = (
				E1280032210A2F2500B1EB6A /* Debug */,
				E1280033210A2F2500B1EB6A /* Release */,
			);
			defaultConfigurationIsVisible = 0;
			defaultConfigurationName = Release;
		};
/* End XCConfigurationList section */
	};
	rootObject = E1280017210A2F2100B1EB6A /* Project object */;
}
